
Microsoft Visual Studio Solution File, Format Version 12.00
# Visual Studio Version 16
VisualStudioVersion = 16.0.31129.286
MinimumVisualStudioVersion = 10.0.40219.1
Project("{FAE04EC0-301F-11D3-BF4B-00C04F79EFBC}") = "HelloGrasshopper", "HelloGrasshopper\HelloGrasshopper.csproj", "{71BB2E56-A53C-4761-BB21-FA65A8C2F20B}"
EndProject
Project("{9A19103F-16F7-4668-BE54-9A1E7A4F7556}") = "Test", "Test\Test.csproj", "{AEB8FAC2-8F0F-435D-8891-E8DA1A1DA41D}"
EndProject
Project("{FAE04EC0-301F-11D3-BF4B-00C04F79EFBC}") = "Template", "Template\Template.csproj", "{B29809F3-0087-452F-A623-01DC99A7C1B3}"
EndProject
Project("{FAE04EC0-301F-11D3-BF4B-00C04F79EFBC}") = "SocketUtil", "SocketUtil\SocketUtil.csproj", "{26CC58D4-8140-4A32-A13D-AD1CFC9C9539}"
EndProject
Project("{FAE04EC0-301F-11D3-BF4B-00C04F79EFBC}") = "JsonUtil", "JsonUtil\JsonUtil.csproj", "{5B9F5E51-131B-46AD-A48D-75DDFEFAA45E}"
EndProject
Project("{FAE04EC0-301F-11D3-BF4B-00C04F79EFBC}") = "Serialization", "Serialization\Serialization.csproj", "{2BB268D3-4831-4EF1-8B9B-C6D6F856E242}"
EndProject
Global
	GlobalSection(SolutionConfigurationPlatforms) = preSolution
		Debug|Any CPU = Debug|Any CPU
		Release|Any CPU = Release|Any CPU
	EndGlobalSection
	GlobalSection(ProjectConfigurationPlatforms) = postSolution
		{71BB2E56-A53C-4761-BB21-FA65A8C2F20B}.Debug|Any CPU.ActiveCfg = Debug|Any CPU
		{71BB2E56-A53C-4761-BB21-FA65A8C2F20B}.Debug|Any CPU.Build.0 = Debug|Any CPU
		{71BB2E56-A53C-4761-BB21-FA65A8C2F20B}.Release|Any CPU.ActiveCfg = Release|Any CPU
		{71BB2E56-A53C-4761-BB21-FA65A8C2F20B}.Release|Any CPU.Build.0 = Release|Any CPU
		{AEB8FAC2-8F0F-435D-8891-E8DA1A1DA41D}.Debug|Any CPU.ActiveCfg = Debug|Any CPU
		{AEB8FAC2-8F0F-435D-8891-E8DA1A1DA41D}.Debug|Any CPU.Build.0 = Debug|Any CPU
		{AEB8FAC2-8F0F-435D-8891-E8DA1A1DA41D}.Release|Any CPU.ActiveCfg = Release|Any CPU
		{AEB8FAC2-8F0F-435D-8891-E8DA1A1DA41D}.Release|Any CPU.Build.0 = Release|Any CPU
		{B29809F3-0087-452F-A623-01DC99A7C1B3}.Debug|Any CPU.ActiveCfg = Debug|Any CPU
		{B29809F3-0087-452F-A623-01DC99A7C1B3}.Debug|Any CPU.Build.0 = Debug|Any CPU
		{B29809F3-0087-452F-A623-01DC99A7C1B3}.Release|Any CPU.ActiveCfg = Release|Any CPU
		{B29809F3-0087-452F-A623-01DC99A7C1B3}.Release|Any CPU.Build.0 = Release|Any CPU
		{26CC58D4-8140-4A32-A13D-AD1CFC9C9539}.Debug|Any CPU.ActiveCfg = Debug|Any CPU
		{26CC58D4-8140-4A32-A13D-AD1CFC9C9539}.Debug|Any CPU.Build.0 = Debug|Any CPU
		{26CC58D4-8140-4A32-A13D-AD1CFC9C9539}.Release|Any CPU.ActiveCfg = Release|Any CPU
		{26CC58D4-8140-4A32-A13D-AD1CFC9C9539}.Release|Any CPU.Build.0 = Release|Any CPU
		{5B9F5E51-131B-46AD-A48D-75DDFEFAA45E}.Debug|Any CPU.ActiveCfg = Debug|Any CPU
		{5B9F5E51-131B-46AD-A48D-75DDFEFAA45E}.Debug|Any CPU.Build.0 = Debug|Any CPU
		{5B9F5E51-131B-46AD-A48D-75DDFEFAA45E}.Release|Any CPU.ActiveCfg = Release|Any CPU
		{5B9F5E51-131B-46AD-A48D-75DDFEFAA45E}.Release|Any CPU.Build.0 = Release|Any CPU
		{2BB268D3-4831-4EF1-8B9B-C6D6F856E242}.Debug|Any CPU.ActiveCfg = Debug|Any CPU
		{2BB268D3-4831-4EF1-8B9B-C6D6F856E242}.Debug|Any CPU.Build.0 = Debug|Any CPU
		{2BB268D3-4831-4EF1-8B9B-C6D6F856E242}.Release|Any CPU.ActiveCfg = Release|Any CPU
		{2BB268D3-4831-4EF1-8B9B-C6D6F856E242}.Release|Any CPU.Build.0 = Release|Any CPU
	EndGlobalSection
	GlobalSection(SolutionProperties) = preSolution
		HideSolutionNode = FALSE
	EndGlobalSection
	GlobalSection(ExtensibilityGlobals) = postSolution
		SolutionGuid = {DA22B037-47FB-4131-AAD1-A529ED9F6649}
	EndGlobalSection
EndGlobal
